// !$*UTF8*$!
{
	archiveVersion = 1;
	classes = {
	};
	objectVersion = 56;
	objects = {

/* Begin PBXBuildFile section */
		A0B4B57E2C16DE0E0096AC5C /* AppDelegate.swift in Sources */ = {isa = PBXBuildFile; fileRef = A0B4B57D2C16DE0E0096AC5C /* AppDelegate.swift */; };
		A0B4B5802C16DE0E0096AC5C /* SceneDelegate.swift in Sources */ = {isa = PBXBuildFile; fileRef = A0B4B57F2C16DE0E0096AC5C /* SceneDelegate.swift */; };
		A0B4B5822C16DE0E0096AC5C /* ViewController.swift in Sources */ = {isa = PBXBuildFile; fileRef = A0B4B5812C16DE0E0096AC5C /* ViewController.swift */; };
		A0B4B5852C16DE0E0096AC5C /* Main.storyboard in Resources */ = {isa = PBXBuildFile; fileRef = A0B4B5832C16DE0E0096AC5C /* Main.storyboard */; };
		A0B4B5882C16DE0E0096AC5C /* ProgressBar.xcdatamodeld in Sources */ = {isa = PBXBuildFile; fileRef = A0B4B5862C16DE0E0096AC5C /* ProgressBar.xcdatamodeld */; };
		A0B4B58A2C16DE0F0096AC5C /* Assets.xcassets in Resources */ = {isa = PBXBuildFile; fileRef = A0B4B5892C16DE0F0096AC5C /* Assets.xcassets */; };
		A0B4B58D2C16DE0F0096AC5C /* LaunchScreen.storyboard in Resources */ = {isa = PBXBuildFile; fileRef = A0B4B58B2C16DE0F0096AC5C /* LaunchScreen.storyboard */; };
		A0B4B5962C17039E0096AC5C /* IQKeyboardManagerSwift in Frameworks */ = {isa = PBXBuildFile; productRef = A0B4B5952C17039E0096AC5C /* IQKeyboardManagerSwift */; };
		A0B4B5982C170C0C0096AC5C /* IQKeyboardManagerSwift in Frameworks */ = {isa = PBXBuildFile; productRef = A0B4B5972C170C0C0096AC5C /* IQKeyboardManagerSwift */; };
/* End PBXBuildFile section */

/* Begin PBXFileReference section */
		A0B4B57A2C16DE0E0096AC5C /* ProgressBar.app */ = {isa = PBXFileReference; explicitFileType = wrapper.application; includeInIndex = 0; path = ProgressBar.app; sourceTree = BUILT_PRODUCTS_DIR; };
		A0B4B57D2C16DE0E0096AC5C /* AppDelegate.swift */ = {isa = PBXFileReference; lastKnownFileType = sourcecode.swift; path = AppDelegate.swift; sourceTree = "<group>"; };
		A0B4B57F2C16DE0E0096AC5C /* SceneDelegate.swift */ = {isa = PBXFileReference; lastKnownFileType = sourcecode.swift; path = SceneDelegate.swift; sourceTree = "<group>"; };
		A0B4B5812C16DE0E0096AC5C /* ViewController.swift */ = {isa = PBXFileReference; lastKnownFileType = sourcecode.swift; path = ViewController.swift; sourceTree = "<group>"; };
		A0B4B5842C16DE0E0096AC5C /* Base */ = {isa = PBXFileReference; lastKnownFileType = file.storyboard; name = Base; path = Base.lproj/Main.storyboard; sourceTree = "<group>"; };
		A0B4B5872C16DE0E0096AC5C /* ProgressBar.xcdatamodel */ = {isa = PBXFileReference; lastKnownFileType = wrapper.xcdatamodel; path = ProgressBar.xcdatamodel; sourceTree = "<group>"; };
		A0B4B5892C16DE0F0096AC5C /* Assets.xcassets */ = {isa = PBXFileReference; lastKnownFileType = folder.assetcatalog; path = Assets.xcassets; sourceTree = "<group>"; };
		A0B4B58C2C16DE0F0096AC5C /* Base */ = {isa = PBXFileReference; lastKnownFileType = file.storyboard; name = Base; path = Base.lproj/LaunchScreen.storyboard; sourceTree = "<group>"; };
		A0B4B58E2C16DE0F0096AC5C /* Info.plist */ = {isa = PBXFileReference; lastKnownFileType = text.plist.xml; path = Info.plist; sourceTree = "<group>"; };
/* End PBXFileReference section */

/* Begin PBXFrameworksBuildPhase section */
		A0B4B5772C16DE0E0096AC5C /* Frameworks */ = {
			isa = PBXFrameworksBuildPhase;
			buildActionMask = 2147483647;
			files = (
				A0B4B5962C17039E0096AC5C /* IQKeyboardManagerSwift in Frameworks */,
				A0B4B5982C170C0C0096AC5C /* IQKeyboardManagerSwift in Frameworks */,
			);
			runOnlyForDeploymentPostprocessing = 0;
		};
/* End PBXFrameworksBuildPhase section */

/* Begin PBXGroup section */
		A0B4B5712C16DE0E0096AC5C = {
			isa = PBXGroup;
			children = (
				A0B4B57C2C16DE0E0096AC5C /* ProgressBar */,
				A0B4B57B2C16DE0E0096AC5C /* Products */,
			);
			sourceTree = "<group>";
		};
		A0B4B57B2C16DE0E0096AC5C /* Products */ = {
			isa = PBXGroup;
			children = (
				A0B4B57A2C16DE0E0096AC5C /* ProgressBar.app */,
			);
			name = Products;
			sourceTree = "<group>";
		};
		A0B4B57C2C16DE0E0096AC5C /* ProgressBar */ = {
			isa = PBXGroup;
			children = (
				A0B4B57D2C16DE0E0096AC5C /* AppDelegate.swift */,
				A0B4B57F2C16DE0E0096AC5C /* SceneDelegate.swift */,
				A0B4B5812C16DE0E0096AC5C /* ViewController.swift */,
				A0B4B5832C16DE0E0096AC5C /* Main.storyboard */,
				A0B4B5892C16DE0F0096AC5C /* Assets.xcassets */,
				A0B4B58B2C16DE0F0096AC5C /* LaunchScreen.storyboard */,
				A0B4B58E2C16DE0F0096AC5C /* Info.plist */,
				A0B4B5862C16DE0E0096AC5C /* ProgressBar.xcdatamodeld */,
			);
			path = ProgressBar;
			sourceTree = "<group>";
		};
/* End PBXGroup section */

/* Begin PBXNativeTarget section */
		A0B4B5792C16DE0E0096AC5C /* ProgressBar */ = {
			isa = PBXNativeTarget;
			buildConfigurationList = A0B4B5912C16DE0F0096AC5C /* Build configuration list for PBXNativeTarget "ProgressBar" */;
			buildPhases = (
				A0B4B5762C16DE0E0096AC5C /* Sources */,
				A0B4B5772C16DE0E0096AC5C /* Frameworks */,
				A0B4B5782C16DE0E0096AC5C /* Resources */,
			);
			buildRules = (
			);
			dependencies = (
			);
			name = ProgressBar;
			packageProductDependencies = (
				A0B4B5952C17039E0096AC5C /* IQKeyboardManagerSwift */,
				A0B4B5972C170C0C0096AC5C /* IQKeyboardManagerSwift */,
			);
			productName = ProgressBar;
			productReference = A0B4B57A2C16DE0E0096AC5C /* ProgressBar.app */;
			productType = "com.apple.product-type.application";
		};
/* End PBXNativeTarget section */

/* Begin PBXProject section */
		A0B4B5722C16DE0E0096AC5C /* Project object */ = {
			isa = PBXProject;
			attributes = {
				BuildIndependentTargetsInParallel = 1;
				LastSwiftUpdateCheck = 1500;
				LastUpgradeCheck = 1500;
				TargetAttributes = {
					A0B4B5792C16DE0E0096AC5C = {
						CreatedOnToolsVersion = 15.0.1;
					};
				};
			};
			buildConfigurationList = A0B4B5752C16DE0E0096AC5C /* Build configuration list for PBXProject "ProgressBar" */;
			compatibilityVersion = "Xcode 14.0";
			developmentRegion = en;
			hasScannedForEncodings = 0;
			knownRegions = (
				en,
				Base,
			);
			mainGroup = A0B4B5712C16DE0E0096AC5C;
			packageReferences = (
				A0B4B5942C17039E0096AC5C /* XCRemoteSwiftPackageReference "IQKeyboardManager" */,
			);
			productRefGroup = A0B4B57B2C16DE0E0096AC5C /* Products */;
			projectDirPath = "";
			projectRoot = "";
			targets = (
				A0B4B5792C16DE0E0096AC5C /* ProgressBar */,
			);
		};
/* End PBXProject section */

/* Begin PBXResourcesBuildPhase section */
		A0B4B5782C16DE0E0096AC5C /* Resources */ = {
			isa = PBXResourcesBuildPhase;
			buildActionMask = 2147483647;
			files = (
				A0B4B58D2C16DE0F0096AC5C /* LaunchScreen.storyboard in Resources */,
				A0B4B58A2C16DE0F0096AC5C /* Assets.xcassets in Resources */,
				A0B4B5852C16DE0E0096AC5C /* Main.storyboard in Resources */,
			);
			runOnlyForDeploymentPostprocessing = 0;
		};
/* End PBXResourcesBuildPhase section */

/* Begin PBXSourcesBuildPhase section */
		A0B4B5762C16DE0E0096AC5C /* Sources */ = {
			isa = PBXSourcesBuildPhase;
			buildActionMask = 2147483647;
			files = (
				A0B4B5822C16DE0E0096AC5C /* ViewController.swift in Sources */,
				A0B4B57E2C16DE0E0096AC5C /* AppDelegate.swift in Sources */,
				A0B4B5882C16DE0E0096AC5C /* ProgressBar.xcdatamodeld in Sources */,
				A0B4B5802C16DE0E0096AC5C /* SceneDelegate.swift in Sources */,
			);
			runOnlyForDeploymentPostprocessing = 0;
		};
/* End PBXSourcesBuildPhase section */

/* Begin PBXVariantGroup section */
		A0B4B5832C16DE0E0096AC5C /* Main.storyboard */ = {
			isa = PBXVariantGroup;
			children = (
				A0B4B5842C16DE0E0096AC5C /* Base */,
			);
			name = Main.storyboard;
			sourceTree = "<group>";
		};
		A0B4B58B2C16DE0F0096AC5C /* LaunchScreen.storyboard */ = {
			isa = PBXVariantGroup;
			children = (
				A0B4B58C2C16DE0F0096AC5C /* Base */,
			);
			name = LaunchScreen.storyboard;
			sourceTree = "<group>";
		};
/* End PBXVariantGroup section */

/* Begin XCBuildConfiguration section */
		A0B4B58F2C16DE0F0096AC5C /* Debug */ = {
			isa = XCBuildConfiguration;
			buildSettings = {
				ALWAYS_SEARCH_USER_PATHS = NO;
				ASSETCATALOG_COMPILER_GENERATE_SWIFT_ASSET_SYMBOL_EXTENSIONS = YES;
				CLANG_ANALYZER_NONNULL = YES;
				CLANG_ANALYZER_NUMBER_OBJECT_CONVERSION = YES_AGGRESSIVE;
				CLANG_CXX_LANGUAGE_STANDARD = "gnu++20";
				CLANG_ENABLE_MODULES = YES;
				CLANG_ENABLE_OBJC_ARC = YES;
				CLANG_ENABLE_OBJC_WEAK = YES;
				CLANG_WARN_BLOCK_CAPTURE_AUTORELEASING = YES;
				CLANG_WARN_BOOL_CONVERSION = YES;
				CLANG_WARN_COMMA = YES;
				CLANG_WARN_CONSTANT_CONVERSION = YES;
				CLANG_WARN_DEPRECATED_OBJC_IMPLEMENTATIONS = YES;
				CLANG_WARN_DIRECT_OBJC_ISA_USAGE = YES_ERROR;
				CLANG_WARN_DOCUMENTATION_COMMENTS = YES;
				CLANG_WARN_EMPTY_BODY = YES;
				CLANG_WARN_ENUM_CONVERSION = YES;
				CLANG_WARN_INFINITE_RECURSION = YES;
				CLANG_WARN_INT_CONVERSION = YES;
				CLANG_WARN_NON_LITERAL_NULL_CONVERSION = YES;
				CLANG_WARN_OBJC_IMPLICIT_RETAIN_SELF = YES;
				CLANG_WARN_OBJC_LITERAL_CONVERSION = YES;
				CLANG_WARN_OBJC_ROOT_CLASS = YES_ERROR;
				CLANG_WARN_QUOTED_INCLUDE_IN_FRAMEWORK_HEADER = YES;
				CLANG_WARN_RANGE_LOOP_ANALYSIS = YES;
				CLANG_WARN_STRICT_PROTOTYPES = YES;
				CLANG_WARN_SUSPICIOUS_MOVE = YES;
				CLANG_WARN_UNGUARDED_AVAILABILITY = YES_AGGRESSIVE;
				CLANG_WARN_UNREACHABLE_CODE = YES;
				CLANG_WARN__DUPLICATE_METHOD_MATCH = YES;
				COPY_PHASE_STRIP = NO;
				DEBUG_INFORMATION_FORMAT = dwarf;
				ENABLE_STRICT_OBJC_MSGSEND = YES;
				ENABLE_TESTABILITY = YES;
				ENABLE_USER_SCRIPT_SANDBOXING = YES;
				GCC_C_LANGUAGE_STANDARD = gnu17;
				GCC_DYNAMIC_NO_PIC = NO;
				GCC_NO_COMMON_BLOCKS = YES;
				GCC_OPTIMIZATION_LEVEL = 0;
				GCC_PREPROCESSOR_DEFINITIONS = (
					"DEBUG=1",
					"$(inherited)",
				);
				GCC_WARN_64_TO_32_BIT_CONVERSION = YES;
				GCC_WARN_ABOUT_RETURN_TYPE = YES_ERROR;
				GCC_WARN_UNDECLARED_SELECTOR = YES;
				GCC_WARN_UNINITIALIZED_AUTOS = YES_AGGRESSIVE;
				GCC_WARN_UNUSED_FUNCTION = YES;
				GCC_WARN_UNUSED_VARIABLE = YES;
				IPHONEOS_DEPLOYMENT_TARGET = 17.0;
				LOCALIZATION_PREFERS_STRING_CATALOGS = YES;
				MTL_ENABLE_DEBUG_INFO = INCLUDE_SOURCE;
				MTL_FAST_MATH = YES;
				ONLY_ACTIVE_ARCH = YES;
				SDKROOT = iphoneos;
				SWIFT_ACTIVE_COMPILATION_CONDITIONS = "DEBUG $(inherited)";
				SWIFT_OPTIMIZATION_LEVEL = "-Onone";
			};
			name = Debug;
		};
		A0B4B5902C16DE0F0096AC5C /* Release */ = {
			isa = XCBuildConfiguration;
			buildSettings = {
				ALWAYS_SEARCH_USER_PATHS = NO;
				ASSETCATALOG_COMPILER_GENERATE_SWIFT_ASSET_SYMBOL_EXTENSIONS = YES;
				CLANG_ANALYZER_NONNULL = YES;
				CLANG_ANALYZER_NUMBER_OBJECT_CONVERSION = YES_AGGRESSIVE;
				CLANG_CXX_LANGUAGE_STANDARD = "gnu++20";
				CLANG_ENABLE_MODULES = YES;
				CLANG_ENABLE_OBJC_ARC = YES;
				CLANG_ENABLE_OBJC_WEAK = YES;
				CLANG_WARN_BLOCK_CAPTURE_AUTORELEASING = YES;
				CLANG_WARN_BOOL_CONVERSION = YES;
				CLANG_WARN_COMMA = YES;
				CLANG_WARN_CONSTANT_CONVERSION = YES;
				CLANG_WARN_DEPRECATED_OBJC_IMPLEMENTATIONS = YES;
				CLANG_WARN_DIRECT_OBJC_ISA_USAGE = YES_ERROR;
				CLANG_WARN_DOCUMENTATION_COMMENTS = YES;
				CLANG_WARN_EMPTY_BODY = YES;
				CLANG_WARN_ENUM_CONVERSION = YES;
				CLANG_WARN_INFINITE_RECURSION = YES;
				CLANG_WARN_INT_CONVERSION = YES;
				CLANG_WARN_NON_LITERAL_NULL_CONVERSION = YES;
				CLANG_WARN_OBJC_IMPLICIT_RETAIN_SELF = YES;
				CLANG_WARN_OBJC_LITERAL_CONVERSION = YES;
				CLANG_WARN_OBJC_ROOT_CLASS = YES_ERROR;
				CLANG_WARN_QUOTED_INCLUDE_IN_FRAMEWORK_HEADER = YES;
				CLANG_WARN_RANGE_LOOP_ANALYSIS = YES;
				CLANG_WARN_STRICT_PROTOTYPES = YES;
				CLANG_WARN_SUSPICIOUS_MOVE = YES;
				CLANG_WARN_UNGUARDED_AVAILABILITY = YES_AGGRESSIVE;
				CLANG_WARN_UNREACHABLE_CODE = YES;
				CLANG_WARN__DUPLICATE_METHOD_MATCH = YES;
				COPY_PHASE_STRIP = NO;
				DEBUG_INFORMATION_FORMAT = "dwarf-with-dsym";
				ENABLE_NS_ASSERTIONS = NO;
				ENABLE_STRICT_OBJC_MSGSEND = YES;
				ENABLE_USER_SCRIPT_SANDBOXING = YES;
				GCC_C_LANGUAGE_STANDARD = gnu17;
				GCC_NO_COMMON_BLOCKS = YES;
				GCC_WARN_64_TO_32_BIT_CONVERSION = YES;
				GCC_WARN_ABOUT_RETURN_TYPE = YES_ERROR;
				GCC_WARN_UNDECLARED_SELECTOR = YES;
				GCC_WARN_UNINITIALIZED_AUTOS = YES_AGGRESSIVE;
				GCC_WARN_UNUSED_FUNCTION = YES;
				GCC_WARN_UNUSED_VARIABLE = YES;
				IPHONEOS_DEPLOYMENT_TARGET = 17.0;
				LOCALIZATION_PREFERS_STRING_CATALOGS = YES;
				MTL_ENABLE_DEBUG_INFO = NO;
				MTL_FAST_MATH = YES;
				SDKROOT = iphoneos;
				SWIFT_COMPILATION_MODE = wholemodule;
				VALIDATE_PRODUCT = YES;
			};
			name = Release;
		};
		A0B4B5922C16DE0F0096AC5C /* Debug */ = {
			isa = XCBuildConfiguration;
			buildSettings = {
				ASSETCATALOG_COMPILER_APPICON_NAME = AppIcon;
				ASSETCATALOG_COMPILER_GLOBAL_ACCENT_COLOR_NAME = AccentColor;
				CODE_SIGN_STYLE = Automatic;
				CURRENT_PROJECT_VERSION = 1;
				DEVELOPMENT_TEAM = K24CWLQPNG;
				GENERATE_INFOPLIST_FILE = YES;
				INFOPLIST_FILE = ProgressBar/Info.plist;
				INFOPLIST_KEY_UIApplicationSupportsIndirectInputEvents = YES;
				INFOPLIST_KEY_UILaunchStoryboardName = LaunchScreen;
				INFOPLIST_KEY_UIMainStoryboardFile = Main;
				INFOPLIST_KEY_UISupportedInterfaceOrientations_iPad = "UIInterfaceOrientationPortrait UIInterfaceOrientationPortraitUpsideDown UIInterfaceOrientationLandscapeLeft UIInterfaceOrientationLandscapeRight";
				INFOPLIST_KEY_UISupportedInterfaceOrientations_iPhone = "UIInterfaceOrientationPortrait UIInterfaceOrientationLandscapeLeft UIInterfaceOrientationLandscapeRight";
				IPHONEOS_DEPLOYMENT_TARGET = 16.0;
				LD_RUNPATH_SEARCH_PATHS = (
					"$(inherited)",
					"@executable_path/Frameworks",
				);
				MARKETING_VERSION = 1.0;
				PRODUCT_BUNDLE_IDENTIFIER = temp.ProgressBar;
				PRODUCT_NAME = "$(TARGET_NAME)";
				SUPPORTED_PLATFORMS = "iphoneos iphonesimulator";
				SUPPORTS_MACCATALYST = NO;
				SUPPORTS_MAC_DESIGNED_FOR_IPHONE_IPAD = NO;
				SWIFT_EMIT_LOC_STRINGS = YES;
				SWIFT_VERSION = 5.0;
				TARGETED_DEVICE_FAMILY = 1;
			};
			name = Debug;
		};
		A0B4B5932C16DE0F0096AC5C /* Release */ = {
			isa = XCBuildConfiguration;
			buildSettings = {
				ASSETCATALOG_COMPILER_APPICON_NAME = AppIcon;
				ASSETCATALOG_COMPILER_GLOBAL_ACCENT_COLOR_NAME = AccentColor;
				CODE_SIGN_STYLE = Automatic;
				CURRENT_PROJECT_VERSION = 1;
				DEVELOPMENT_TEAM = K24CWLQPNG;
				GENERATE_INFOPLIST_FILE = YES;
				INFOPLIST_FILE = ProgressBar/Info.plist;
				INFOPLIST_KEY_UIApplicationSupportsIndirectInputEvents = YES;
				INFOPLIST_KEY_UILaunchStoryboardName = LaunchScreen;
				INFOPLIST_KEY_UIMainStoryboardFile = Main;
				INFOPLIST_KEY_UISupportedInterfaceOrientations_iPad = "UIInterfaceOrientationPortrait UIInterfaceOrientationPortraitUpsideDown UIInterfaceOrientationLandscapeLeft UIInterfaceOrientationLandscapeRight";
				INFOPLIST_KEY_UISupportedInterfaceOrientations_iPhone = "UIInterfaceOrientationPortrait UIInterfaceOrientationLandscapeLeft UIInterfaceOrientationLandscapeRight";
				IPHONEOS_DEPLOYMENT_TARGET = 16.0;
				LD_RUNPATH_SEARCH_PATHS = (
					"$(inherited)",
					"@executable_path/Frameworks",
				);
				MARKETING_VERSION = 1.0;
				PRODUCT_BUNDLE_IDENTIFIER = temp.ProgressBar;
				PRODUCT_NAME = "$(TARGET_NAME)";
				SUPPORTED_PLATFORMS = "iphoneos iphonesimulator";
				SUPPORTS_MACCATALYST = NO;
				SUPPORTS_MAC_DESIGNED_FOR_IPHONE_IPAD = NO;
				SWIFT_EMIT_LOC_STRINGS = YES;
				SWIFT_VERSION = 5.0;
				TARGETED_DEVICE_FAMILY = 1;
			};
			name = Release;
		};
/* End XCBuildConfiguration section */

/* Begin XCConfigurationList section */
		A0B4B5752C16DE0E0096AC5C /* Build configuration list for PBXProject "ProgressBar" */ = {
			isa = XCConfigurationList;
			buildConfigurations = (
				A0B4B58F2C16DE0F0096AC5C /* Debug */,
				A0B4B5902C16DE0F0096AC5C /* Release */,
			);
			defaultConfigurationIsVisible = 0;
			defaultConfigurationName = Release;
		};
		A0B4B5912C16DE0F0096AC5C /* Build configuration list for PBXNativeTarget "ProgressBar" */ = {
			isa = XCConfigurationList;
			buildConfigurations = (
				A0B4B5922C16DE0F0096AC5C /* Debug */,
				A0B4B5932C16DE0F0096AC5C /* Release */,
			);
			defaultConfigurationIsVisible = 0;
			defaultConfigurationName = Release;
		};
/* End XCConfigurationList section */

/* Begin XCRemoteSwiftPackageReference section */
		A0B4B5942C17039E0096AC5C /* XCRemoteSwiftPackageReference "IQKeyboardManager" */ = {
			isa = XCRemoteSwiftPackageReference;
			repositoryURL = "https://github.com/hackiftekhar/IQKeyboardManager.git";
			requirement = {
				kind = upToNextMajorVersion;
				minimumVersion = 7.0.3;
			};
		};
/* End XCRemoteSwiftPackageReference section */

/* Begin XCSwiftPackageProductDependency section */
		A0B4B5952C17039E0096AC5C /* IQKeyboardManagerSwift */ = {
			isa = XCSwiftPackageProductDependency;
			package = A0B4B5942C17039E0096AC5C /* XCRemoteSwiftPackageReference "IQKeyboardManager" */;
			productName = IQKeyboardManagerSwift;
		};
		A0B4B5972C170C0C0096AC5C /* IQKeyboardManagerSwift */ = {
			isa = XCSwiftPackageProductDependency;
			package = A0B4B5942C17039E0096AC5C /* XCRemoteSwiftPackageReference "IQKeyboardManager" */;
			productName = IQKeyboardManagerSwift;
		};
/* End XCSwiftPackageProductDependency section */

/* Begin XCVersionGroup section */
		A0B4B5862C16DE0E0096AC5C /* ProgressBar.xcdatamodeld */ = {
			isa = XCVersionGroup;
			children = (
				A0B4B5872C16DE0E0096AC5C /* ProgressBar.xcdatamodel */,
			);
			currentVersion = A0B4B5872C16DE0E0096AC5C /* ProgressBar.xcdatamodel */;
			path = ProgressBar.xcdatamodeld;
			sourceTree = "<group>";
			versionGroupType = wrapper.xcdatamodel;
		};
/* End XCVersionGroup section */
	};
	rootObject = A0B4B5722C16DE0E0096AC5C /* Project object */;
}
